
Microsoft Visual Studio Solution File, Format Version 12.00
# Visual Studio 15
VisualStudioVersion = 15.0.28010.2036
MinimumVisualStudioVersion = 10.0.40219.1
Project("{FAE04EC0-301F-11D3-BF4B-00C04F79EFBC}") = "AbstractPractice", "AbstractPractice\AbstractPractice.csproj", "{518FF049-2DFC-4ED5-9849-897B06655155}"
EndProject
Global
	GlobalSection(SolutionConfigurationPlatforms) = preSolution
		Debug|Any CPU = Debug|Any CPU
		Release|Any CPU = Release|Any CPU
	EndGlobalSection
	GlobalSection(ProjectConfigurationPlatforms) = postSolution
		{518FF049-2DFC-4ED5-9849-897B06655155}.Debug|Any CPU.ActiveCfg = Debug|Any CPU
		{518FF049-2DFC-4ED5-9849-897B06655155}.Debug|Any CPU.Build.0 = Debug|Any CPU
		{518FF049-2DFC-4ED5-9849-897B06655155}.Release|Any CPU.ActiveCfg = Release|Any CPU
		{518FF049-2DFC-4ED5-9849-897B06655155}.Release|Any CPU.Build.0 = Release|Any CPU
	EndGlobalSection
	GlobalSection(SolutionProperties) = preSolution
		HideSolutionNode = FALSE
	EndGlobalSection
	GlobalSection(ExtensibilityGlobals) = postSolution
		SolutionGuid = {10BA2E27-2DC5-40AC-8DFD-1E0AA0CAE1D3}
	EndGlobalSection
EndGlobal
